
Microsoft Visual Studio Solution File, Format Version 12.00
# Visual Studio Version 17
VisualStudioVersion = 17.11.35219.272
MinimumVisualStudioVersion = 10.0.40219.1
Project("{FAE04EC0-301F-11D3-BF4B-00C04F79EFBC}") = "Rhino", "MagicTape.csproj", "{214D3821-28FC-4BF4-9AB5-8F2A45C6E2FF}"
EndProject
Global
	GlobalSection(SolutionConfigurationPlatforms) = preSolution
		Debug|Any CPU = Debug|Any CPU
		Release|Any CPU = Release|Any CPU
	EndGlobalSection
	GlobalSection(ProjectConfigurationPlatforms) = postSolution
		{214D3821-28FC-4BF4-9AB5-8F2A45C6E2FF}.Debug|Any CPU.ActiveCfg = Debug|Any CPU
		{214D3821-28FC-4BF4-9AB5-8F2A45C6E2FF}.Debug|Any CPU.Build.0 = Debug|Any CPU
		{214D3821-28FC-4BF4-9AB5-8F2A45C6E2FF}.Release|Any CPU.ActiveCfg = Release|Any CPU
		{214D3821-28FC-4BF4-9AB5-8F2A45C6E2FF}.Release|Any CPU.Build.0 = Release|Any CPU
	EndGlobalSection
	GlobalSection(SolutionProperties) = preSolution
		HideSolutionNode = FALSE
	EndGlobalSection
	GlobalSection(ExtensibilityGlobals) = postSolution
		SolutionGuid = {29CAC7EE-D0E1-444F-A769-59959C7B2172}
	EndGlobalSection
EndGlobal
